
Microsoft Visual Studio Solution File, Format Version 12.00
# Visual Studio Version 17
VisualStudioVersion = 17.10.34916.146
MinimumVisualStudioVersion = 10.0.40219.1
Project("{9A19103F-16F7-4668-BE54-9A1E7A4F7556}") = "Models", "Models\Models.csproj", "{DFCC1863-8DC9-4FEE-8720-FE60C34E15A2}"
EndProject
Project("{9A19103F-16F7-4668-BE54-9A1E7A4F7556}") = "BLL", "BLL\BLL.csproj", "{4C2CE080-75F8-4F0E-9EC3-3AB0319300B4}"
EndProject
Project("{9A19103F-16F7-4668-BE54-9A1E7A4F7556}") = "DAL", "DAL\DAL.csproj", "{1B217A61-81BE-485C-9EA5-66B3CA57065E}"
EndProject
Project("{FAE04EC0-301F-11D3-BF4B-00C04F79EFBC}") = "API_PM", "API_PM\API_PM.csproj", "{4939EF1A-91E7-4D07-B054-C2374B6E5C95}"
EndProject
Global
	GlobalSection(SolutionConfigurationPlatforms) = preSolution
		Debug|Any CPU = Debug|Any CPU
		Release|Any CPU = Release|Any CPU
	EndGlobalSection
	GlobalSection(ProjectConfigurationPlatforms) = postSolution
		{DFCC1863-8DC9-4FEE-8720-FE60C34E15A2}.Debug|Any CPU.ActiveCfg = Debug|Any CPU
		{DFCC1863-8DC9-4FEE-8720-FE60C34E15A2}.Debug|Any CPU.Build.0 = Debug|Any CPU
		{DFCC1863-8DC9-4FEE-8720-FE60C34E15A2}.Release|Any CPU.ActiveCfg = Release|Any CPU
		{DFCC1863-8DC9-4FEE-8720-FE60C34E15A2}.Release|Any CPU.Build.0 = Release|Any CPU
		{4C2CE080-75F8-4F0E-9EC3-3AB0319300B4}.Debug|Any CPU.ActiveCfg = Debug|Any CPU
		{4C2CE080-75F8-4F0E-9EC3-3AB0319300B4}.Debug|Any CPU.Build.0 = Debug|Any CPU
		{4C2CE080-75F8-4F0E-9EC3-3AB0319300B4}.Release|Any CPU.ActiveCfg = Release|Any CPU
		{4C2CE080-75F8-4F0E-9EC3-3AB0319300B4}.Release|Any CPU.Build.0 = Release|Any CPU
		{1B217A61-81BE-485C-9EA5-66B3CA57065E}.Debug|Any CPU.ActiveCfg = Debug|Any CPU
		{1B217A61-81BE-485C-9EA5-66B3CA57065E}.Debug|Any CPU.Build.0 = Debug|Any CPU
		{1B217A61-81BE-485C-9EA5-66B3CA57065E}.Release|Any CPU.ActiveCfg = Release|Any CPU
		{1B217A61-81BE-485C-9EA5-66B3CA57065E}.Release|Any CPU.Build.0 = Release|Any CPU
		{4939EF1A-91E7-4D07-B054-C2374B6E5C95}.Debug|Any CPU.ActiveCfg = Debug|Any CPU
		{4939EF1A-91E7-4D07-B054-C2374B6E5C95}.Debug|Any CPU.Build.0 = Debug|Any CPU
		{4939EF1A-91E7-4D07-B054-C2374B6E5C95}.Release|Any CPU.ActiveCfg = Release|Any CPU
		{4939EF1A-91E7-4D07-B054-C2374B6E5C95}.Release|Any CPU.Build.0 = Release|Any CPU
	EndGlobalSection
	GlobalSection(SolutionProperties) = preSolution
		HideSolutionNode = FALSE
	EndGlobalSection
	GlobalSection(ExtensibilityGlobals) = postSolution
		SolutionGuid = {0F5E6C63-E235-4212-8AD5-91160A1B3956}
	EndGlobalSection
EndGlobal
